// !$*UTF8*$!
{
	archiveVersion = 1;
	classes = {
	};
	objectVersion = 55;
	objects = {

/* Begin PBXBuildFile section */
		9A29819E288B012100E0C99E /* PostDetailsData.swift in Sources */ = {isa = PBXBuildFile; fileRef = 9A29819D288B012100E0C99E /* PostDetailsData.swift */; };
		9A2981A3288B0AF500E0C99E /* UIImageViewExtension.swift in Sources */ = {isa = PBXBuildFile; fileRef = 9A2981A2288B0AF500E0C99E /* UIImageViewExtension.swift */; };
		9A8476F92833EC15006F29C1 /* AppDelegate.swift in Sources */ = {isa = PBXBuildFile; fileRef = 9A8476F82833EC15006F29C1 /* AppDelegate.swift */; };
		9A8476FB2833EC15006F29C1 /* SceneDelegate.swift in Sources */ = {isa = PBXBuildFile; fileRef = 9A8476FA2833EC15006F29C1 /* SceneDelegate.swift */; };
		9A8476FD2833EC15006F29C1 /* PostListViewController.swift in Sources */ = {isa = PBXBuildFile; fileRef = 9A8476FC2833EC15006F29C1 /* PostListViewController.swift */; };
		9A8477002833EC15006F29C1 /* Main.storyboard in Resources */ = {isa = PBXBuildFile; fileRef = 9A8476FE2833EC15006F29C1 /* Main.storyboard */; };
		9A8477022833EC17006F29C1 /* Assets.xcassets in Resources */ = {isa = PBXBuildFile; fileRef = 9A8477012833EC17006F29C1 /* Assets.xcassets */; };
		9A8477052833EC17006F29C1 /* LaunchScreen.storyboard in Resources */ = {isa = PBXBuildFile; fileRef = 9A8477032833EC17006F29C1 /* LaunchScreen.storyboard */; };
		9A8477112833EDCA006F29C1 /* NetworkService.swift in Sources */ = {isa = PBXBuildFile; fileRef = 9A8477102833EDCA006F29C1 /* NetworkService.swift */; };
		9A8477132833EDEB006F29C1 /* PostDetailsViewController.swift in Sources */ = {isa = PBXBuildFile; fileRef = 9A8477122833EDEB006F29C1 /* PostDetailsViewController.swift */; };
		9A8477182833EE25006F29C1 /* Constants.swift in Sources */ = {isa = PBXBuildFile; fileRef = 9A8477172833EE25006F29C1 /* Constants.swift */; };
		9ACDF90B288AB08B007D9297 /* TimeIntervalExtension.swift in Sources */ = {isa = PBXBuildFile; fileRef = 9ACDF90A288AB08B007D9297 /* TimeIntervalExtension.swift */; };
		9ACDF90D288AB2CE007D9297 /* IntExtension.swift in Sources */ = {isa = PBXBuildFile; fileRef = 9ACDF90C288AB2CE007D9297 /* IntExtension.swift */; };
		9AF06DA1288AEC5300D9E4EC /* UILabelExtension.swift in Sources */ = {isa = PBXBuildFile; fileRef = 9AF06DA0288AEC5300D9E4EC /* UILabelExtension.swift */; };
		9AFB51C0288A91B8009AB3B7 /* PostTableViewCell.swift in Sources */ = {isa = PBXBuildFile; fileRef = 9AFB51BE288A91B8009AB3B7 /* PostTableViewCell.swift */; };
		9AFB51C1288A91B8009AB3B7 /* PostTableViewCell.xib in Resources */ = {isa = PBXBuildFile; fileRef = 9AFB51BF288A91B8009AB3B7 /* PostTableViewCell.xib */; };
		9AFB51C3288A9B1F009AB3B7 /* PostListData.swift in Sources */ = {isa = PBXBuildFile; fileRef = 9AFB51C2288A9B1F009AB3B7 /* PostListData.swift */; };
/* End PBXBuildFile section */

/* Begin PBXFileReference section */
		9A29819D288B012100E0C99E /* PostDetailsData.swift */ = {isa = PBXFileReference; lastKnownFileType = sourcecode.swift; path = PostDetailsData.swift; sourceTree = "<group>"; };
		9A2981A2288B0AF500E0C99E /* UIImageViewExtension.swift */ = {isa = PBXFileReference; lastKnownFileType = sourcecode.swift; path = UIImageViewExtension.swift; sourceTree = "<group>"; };
		9A8476F52833EC15006F29C1 /* NiestierovNatifeTest.app */ = {isa = PBXFileReference; explicitFileType = wrapper.application; includeInIndex = 0; path = NiestierovNatifeTest.app; sourceTree = BUILT_PRODUCTS_DIR; };
		9A8476F82833EC15006F29C1 /* AppDelegate.swift */ = {isa = PBXFileReference; lastKnownFileType = sourcecode.swift; path = AppDelegate.swift; sourceTree = "<group>"; };
		9A8476FA2833EC15006F29C1 /* SceneDelegate.swift */ = {isa = PBXFileReference; lastKnownFileType = sourcecode.swift; path = SceneDelegate.swift; sourceTree = "<group>"; };
		9A8476FC2833EC15006F29C1 /* PostListViewController.swift */ = {isa = PBXFileReference; lastKnownFileType = sourcecode.swift; path = PostListViewController.swift; sourceTree = "<group>"; };
		9A8476FF2833EC15006F29C1 /* Base */ = {isa = PBXFileReference; lastKnownFileType = file.storyboard; name = Base; path = Base.lproj/Main.storyboard; sourceTree = "<group>"; };
		9A8477012833EC17006F29C1 /* Assets.xcassets */ = {isa = PBXFileReference; lastKnownFileType = folder.assetcatalog; path = Assets.xcassets; sourceTree = "<group>"; };
		9A8477042833EC17006F29C1 /* Base */ = {isa = PBXFileReference; lastKnownFileType = file.storyboard; name = Base; path = Base.lproj/LaunchScreen.storyboard; sourceTree = "<group>"; };
		9A8477062833EC17006F29C1 /* Info.plist */ = {isa = PBXFileReference; lastKnownFileType = text.plist.xml; path = Info.plist; sourceTree = "<group>"; };
		9A8477102833EDCA006F29C1 /* NetworkService.swift */ = {isa = PBXFileReference; lastKnownFileType = sourcecode.swift; path = NetworkService.swift; sourceTree = "<group>"; };
		9A8477122833EDEB006F29C1 /* PostDetailsViewController.swift */ = {isa = PBXFileReference; lastKnownFileType = sourcecode.swift; path = PostDetailsViewController.swift; sourceTree = "<group>"; };
		9A8477172833EE25006F29C1 /* Constants.swift */ = {isa = PBXFileReference; lastKnownFileType = sourcecode.swift; path = Constants.swift; sourceTree = "<group>"; };
		9ACDF90A288AB08B007D9297 /* TimeIntervalExtension.swift */ = {isa = PBXFileReference; lastKnownFileType = sourcecode.swift; path = TimeIntervalExtension.swift; sourceTree = "<group>"; };
		9ACDF90C288AB2CE007D9297 /* IntExtension.swift */ = {isa = PBXFileReference; lastKnownFileType = sourcecode.swift; path = IntExtension.swift; sourceTree = "<group>"; };
		9AF06DA0288AEC5300D9E4EC /* UILabelExtension.swift */ = {isa = PBXFileReference; lastKnownFileType = sourcecode.swift; path = UILabelExtension.swift; sourceTree = "<group>"; };
		9AFB51BE288A91B8009AB3B7 /* PostTableViewCell.swift */ = {isa = PBXFileReference; lastKnownFileType = sourcecode.swift; path = PostTableViewCell.swift; sourceTree = "<group>"; };
		9AFB51BF288A91B8009AB3B7 /* PostTableViewCell.xib */ = {isa = PBXFileReference; lastKnownFileType = file.xib; path = PostTableViewCell.xib; sourceTree = "<group>"; };
		9AFB51C2288A9B1F009AB3B7 /* PostListData.swift */ = {isa = PBXFileReference; lastKnownFileType = sourcecode.swift; path = PostListData.swift; sourceTree = "<group>"; };
/* End PBXFileReference section */

/* Begin PBXFrameworksBuildPhase section */
		9A8476F22833EC14006F29C1 /* Frameworks */ = {
			isa = PBXFrameworksBuildPhase;
			buildActionMask = 2147483647;
			files = (
			);
			runOnlyForDeploymentPostprocessing = 0;
		};
/* End PBXFrameworksBuildPhase section */

/* Begin PBXGroup section */
		9A2981A1288B090F00E0C99E /* NetworkService */ = {
			isa = PBXGroup;
			children = (
				9A8477102833EDCA006F29C1 /* NetworkService.swift */,
			);
			path = NetworkService;
			sourceTree = "<group>";
		};
		9A7440FE288D5DEF00B28655 /* PostTableViewCell */ = {
			isa = PBXGroup;
			children = (
				9AFB51BE288A91B8009AB3B7 /* PostTableViewCell.swift */,
			);
			path = PostTableViewCell;
			sourceTree = "<group>";
		};
		9A8476EC2833EC14006F29C1 = {
			isa = PBXGroup;
			children = (
				9A8476F72833EC15006F29C1 /* NiestierovNatifeTest */,
				9A8476F62833EC15006F29C1 /* Products */,
			);
			sourceTree = "<group>";
		};
		9A8476F62833EC15006F29C1 /* Products */ = {
			isa = PBXGroup;
			children = (
				9A8476F52833EC15006F29C1 /* NiestierovNatifeTest.app */,
			);
			name = Products;
			sourceTree = "<group>";
		};
		9A8476F72833EC15006F29C1 /* NiestierovNatifeTest */ = {
			isa = PBXGroup;
			children = (
				9A84770C2833EC93006F29C1 /* Resources */,
				9A2981A1288B090F00E0C99E /* NetworkService */,
				9A84770F2833ECC5006F29C1 /* Models */,
				9A84770E2833ECB4006F29C1 /* Views */,
				9A84770D2833ECA1006F29C1 /* Controllers */,
				9AFB51C4288AB034009AB3B7 /* Extensions */,
				9A8477162833EE0A006F29C1 /* SupportingFiles */,
				9A8477062833EC17006F29C1 /* Info.plist */,
			);
			path = NiestierovNatifeTest;
			sourceTree = "<group>";
		};
		9A84770C2833EC93006F29C1 /* Resources */ = {
			isa = PBXGroup;
			children = (
				9A8476F82833EC15006F29C1 /* AppDelegate.swift */,
				9A8476FA2833EC15006F29C1 /* SceneDelegate.swift */,
			);
			path = Resources;
			sourceTree = "<group>";
		};
		9A84770D2833ECA1006F29C1 /* Controllers */ = {
			isa = PBXGroup;
			children = (
				9A8476FC2833EC15006F29C1 /* PostListViewController.swift */,
				9A8477122833EDEB006F29C1 /* PostDetailsViewController.swift */,
			);
			path = Controllers;
			sourceTree = "<group>";
		};
		9A84770E2833ECB4006F29C1 /* Views */ = {
			isa = PBXGroup;
			children = (
				9A7440FE288D5DEF00B28655 /* PostTableViewCell */,
				9A8476FE2833EC15006F29C1 /* Main.storyboard */,
				9AFB51BF288A91B8009AB3B7 /* PostTableViewCell.xib */,
			);
			path = Views;
			sourceTree = "<group>";
		};
		9A84770F2833ECC5006F29C1 /* Models */ = {
			isa = PBXGroup;
			children = (
				9AFB51C2288A9B1F009AB3B7 /* PostListData.swift */,
				9A29819D288B012100E0C99E /* PostDetailsData.swift */,
			);
			path = Models;
			sourceTree = "<group>";
		};
		9A8477162833EE0A006F29C1 /* SupportingFiles */ = {
			isa = PBXGroup;
			children = (
				9A8477032833EC17006F29C1 /* LaunchScreen.storyboard */,
				9A8477012833EC17006F29C1 /* Assets.xcassets */,
				9A8477172833EE25006F29C1 /* Constants.swift */,
			);
			path = SupportingFiles;
			sourceTree = "<group>";
		};
		9AFB51C4288AB034009AB3B7 /* Extensions */ = {
			isa = PBXGroup;
			children = (
				9ACDF90A288AB08B007D9297 /* TimeIntervalExtension.swift */,
				9ACDF90C288AB2CE007D9297 /* IntExtension.swift */,
				9AF06DA0288AEC5300D9E4EC /* UILabelExtension.swift */,
				9A2981A2288B0AF500E0C99E /* UIImageViewExtension.swift */,
			);
			path = Extensions;
			sourceTree = "<group>";
		};
/* End PBXGroup section */

/* Begin PBXNativeTarget section */
		9A8476F42833EC14006F29C1 /* NiestierovNatifeTest */ = {
			isa = PBXNativeTarget;
			buildConfigurationList = 9A8477092833EC17006F29C1 /* Build configuration list for PBXNativeTarget "NiestierovNatifeTest" */;
			buildPhases = (
				9A8476F12833EC14006F29C1 /* Sources */,
				9A8476F22833EC14006F29C1 /* Frameworks */,
				9A8476F32833EC14006F29C1 /* Resources */,
			);
			buildRules = (
			);
			dependencies = (
			);
			name = NiestierovNatifeTest;
			productName = NiestierovNatifeTest;
			productReference = 9A8476F52833EC15006F29C1 /* NiestierovNatifeTest.app */;
			productType = "com.apple.product-type.application";
		};
/* End PBXNativeTarget section */

/* Begin PBXProject section */
		9A8476ED2833EC14006F29C1 /* Project object */ = {
			isa = PBXProject;
			attributes = {
				BuildIndependentTargetsInParallel = 1;
				LastSwiftUpdateCheck = 1330;
				LastUpgradeCheck = 1330;
				TargetAttributes = {
					9A8476F42833EC14006F29C1 = {
						CreatedOnToolsVersion = 13.3.1;
					};
				};
			};
			buildConfigurationList = 9A8476F02833EC14006F29C1 /* Build configuration list for PBXProject "NiestierovNatifeTest" */;
			compatibilityVersion = "Xcode 13.0";
			developmentRegion = en;
			hasScannedForEncodings = 0;
			knownRegions = (
				en,
				Base,
			);
			mainGroup = 9A8476EC2833EC14006F29C1;
			productRefGroup = 9A8476F62833EC15006F29C1 /* Products */;
			projectDirPath = "";
			projectRoot = "";
			targets = (
				9A8476F42833EC14006F29C1 /* NiestierovNatifeTest */,
			);
		};
/* End PBXProject section */

/* Begin PBXResourcesBuildPhase section */
		9A8476F32833EC14006F29C1 /* Resources */ = {
			isa = PBXResourcesBuildPhase;
			buildActionMask = 2147483647;
			files = (
				9A8477052833EC17006F29C1 /* LaunchScreen.storyboard in Resources */,
				9A8477022833EC17006F29C1 /* Assets.xcassets in Resources */,
				9A8477002833EC15006F29C1 /* Main.storyboard in Resources */,
				9AFB51C1288A91B8009AB3B7 /* PostTableViewCell.xib in Resources */,
			);
			runOnlyForDeploymentPostprocessing = 0;
		};
/* End PBXResourcesBuildPhase section */

/* Begin PBXSourcesBuildPhase section */
		9A8476F12833EC14006F29C1 /* Sources */ = {
			isa = PBXSourcesBuildPhase;
			buildActionMask = 2147483647;
			files = (
				9AFB51C0288A91B8009AB3B7 /* PostTableViewCell.swift in Sources */,
				9AFB51C3288A9B1F009AB3B7 /* PostListData.swift in Sources */,
				9ACDF90D288AB2CE007D9297 /* IntExtension.swift in Sources */,
				9A8477112833EDCA006F29C1 /* NetworkService.swift in Sources */,
				9A8476FD2833EC15006F29C1 /* PostListViewController.swift in Sources */,
				9ACDF90B288AB08B007D9297 /* TimeIntervalExtension.swift in Sources */,
				9A29819E288B012100E0C99E /* PostDetailsData.swift in Sources */,
				9A8476F92833EC15006F29C1 /* AppDelegate.swift in Sources */,
				9A8476FB2833EC15006F29C1 /* SceneDelegate.swift in Sources */,
				9A8477132833EDEB006F29C1 /* PostDetailsViewController.swift in Sources */,
				9AF06DA1288AEC5300D9E4EC /* UILabelExtension.swift in Sources */,
				9A2981A3288B0AF500E0C99E /* UIImageViewExtension.swift in Sources */,
				9A8477182833EE25006F29C1 /* Constants.swift in Sources */,
			);
			runOnlyForDeploymentPostprocessing = 0;
		};
/* End PBXSourcesBuildPhase section */

/* Begin PBXVariantGroup section */
		9A8476FE2833EC15006F29C1 /* Main.storyboard */ = {
			isa = PBXVariantGroup;
			children = (
				9A8476FF2833EC15006F29C1 /* Base */,
			);
			name = Main.storyboard;
			sourceTree = "<group>";
		};
		9A8477032833EC17006F29C1 /* LaunchScreen.storyboard */ = {
			isa = PBXVariantGroup;
			children = (
				9A8477042833EC17006F29C1 /* Base */,
			);
			name = LaunchScreen.storyboard;
			sourceTree = "<group>";
		};
/* End PBXVariantGroup section */

/* Begin XCBuildConfiguration section */
		9A8477072833EC17006F29C1 /* Debug */ = {
			isa = XCBuildConfiguration;
			buildSettings = {
				ALWAYS_SEARCH_USER_PATHS = NO;
				CLANG_ANALYZER_NONNULL = YES;
				CLANG_ANALYZER_NUMBER_OBJECT_CONVERSION = YES_AGGRESSIVE;
				CLANG_CXX_LANGUAGE_STANDARD = "gnu++17";
				CLANG_ENABLE_MODULES = YES;
				CLANG_ENABLE_OBJC_ARC = YES;
				CLANG_ENABLE_OBJC_WEAK = YES;
				CLANG_WARN_BLOCK_CAPTURE_AUTORELEASING = YES;
				CLANG_WARN_BOOL_CONVERSION = YES;
				CLANG_WARN_COMMA = YES;
				CLANG_WARN_CONSTANT_CONVERSION = YES;
				CLANG_WARN_DEPRECATED_OBJC_IMPLEMENTATIONS = YES;
				CLANG_WARN_DIRECT_OBJC_ISA_USAGE = YES_ERROR;
				CLANG_WARN_DOCUMENTATION_COMMENTS = YES;
				CLANG_WARN_EMPTY_BODY = YES;
				CLANG_WARN_ENUM_CONVERSION = YES;
				CLANG_WARN_INFINITE_RECURSION = YES;
				CLANG_WARN_INT_CONVERSION = YES;
				CLANG_WARN_NON_LITERAL_NULL_CONVERSION = YES;
				CLANG_WARN_OBJC_IMPLICIT_RETAIN_SELF = YES;
				CLANG_WARN_OBJC_LITERAL_CONVERSION = YES;
				CLANG_WARN_OBJC_ROOT_CLASS = YES_ERROR;
				CLANG_WARN_QUOTED_INCLUDE_IN_FRAMEWORK_HEADER = YES;
				CLANG_WARN_RANGE_LOOP_ANALYSIS = YES;
				CLANG_WARN_STRICT_PROTOTYPES = YES;
				CLANG_WARN_SUSPICIOUS_MOVE = YES;
				CLANG_WARN_UNGUARDED_AVAILABILITY = YES_AGGRESSIVE;
				CLANG_WARN_UNREACHABLE_CODE = YES;
				CLANG_WARN__DUPLICATE_METHOD_MATCH = YES;
				COPY_PHASE_STRIP = NO;
				DEBUG_INFORMATION_FORMAT = dwarf;
				ENABLE_STRICT_OBJC_MSGSEND = YES;
				ENABLE_TESTABILITY = YES;
				GCC_C_LANGUAGE_STANDARD = gnu11;
				GCC_DYNAMIC_NO_PIC = NO;
				GCC_NO_COMMON_BLOCKS = YES;
				GCC_OPTIMIZATION_LEVEL = 0;
				GCC_PREPROCESSOR_DEFINITIONS = (
					"DEBUG=1",
					"$(inherited)",
				);
				GCC_WARN_64_TO_32_BIT_CONVERSION = YES;
				GCC_WARN_ABOUT_RETURN_TYPE = YES_ERROR;
				GCC_WARN_UNDECLARED_SELECTOR = YES;
				GCC_WARN_UNINITIALIZED_AUTOS = YES_AGGRESSIVE;
				GCC_WARN_UNUSED_FUNCTION = YES;
				GCC_WARN_UNUSED_VARIABLE = YES;
				IPHONEOS_DEPLOYMENT_TARGET = 15.4;
				MTL_ENABLE_DEBUG_INFO = INCLUDE_SOURCE;
				MTL_FAST_MATH = YES;
				ONLY_ACTIVE_ARCH = YES;
				SDKROOT = iphoneos;
				SWIFT_ACTIVE_COMPILATION_CONDITIONS = DEBUG;
				SWIFT_OPTIMIZATION_LEVEL = "-Onone";
			};
			name = Debug;
		};
		9A8477082833EC17006F29C1 /* Release */ = {
			isa = XCBuildConfiguration;
			buildSettings = {
				ALWAYS_SEARCH_USER_PATHS = NO;
				CLANG_ANALYZER_NONNULL = YES;
				CLANG_ANALYZER_NUMBER_OBJECT_CONVERSION = YES_AGGRESSIVE;
				CLANG_CXX_LANGUAGE_STANDARD = "gnu++17";
				CLANG_ENABLE_MODULES = YES;
				CLANG_ENABLE_OBJC_ARC = YES;
				CLANG_ENABLE_OBJC_WEAK = YES;
				CLANG_WARN_BLOCK_CAPTURE_AUTORELEASING = YES;
				CLANG_WARN_BOOL_CONVERSION = YES;
				CLANG_WARN_COMMA = YES;
				CLANG_WARN_CONSTANT_CONVERSION = YES;
				CLANG_WARN_DEPRECATED_OBJC_IMPLEMENTATIONS = YES;
				CLANG_WARN_DIRECT_OBJC_ISA_USAGE = YES_ERROR;
				CLANG_WARN_DOCUMENTATION_COMMENTS = YES;
				CLANG_WARN_EMPTY_BODY = YES;
				CLANG_WARN_ENUM_CONVERSION = YES;
				CLANG_WARN_INFINITE_RECURSION = YES;
				CLANG_WARN_INT_CONVERSION = YES;
				CLANG_WARN_NON_LITERAL_NULL_CONVERSION = YES;
				CLANG_WARN_OBJC_IMPLICIT_RETAIN_SELF = YES;
				CLANG_WARN_OBJC_LITERAL_CONVERSION = YES;
				CLANG_WARN_OBJC_ROOT_CLASS = YES_ERROR;
				CLANG_WARN_QUOTED_INCLUDE_IN_FRAMEWORK_HEADER = YES;
				CLANG_WARN_RANGE_LOOP_ANALYSIS = YES;
				CLANG_WARN_STRICT_PROTOTYPES = YES;
				CLANG_WARN_SUSPICIOUS_MOVE = YES;
				CLANG_WARN_UNGUARDED_AVAILABILITY = YES_AGGRESSIVE;
				CLANG_WARN_UNREACHABLE_CODE = YES;
				CLANG_WARN__DUPLICATE_METHOD_MATCH = YES;
				COPY_PHASE_STRIP = NO;
				DEBUG_INFORMATION_FORMAT = "dwarf-with-dsym";
				ENABLE_NS_ASSERTIONS = NO;
				ENABLE_STRICT_OBJC_MSGSEND = YES;
				GCC_C_LANGUAGE_STANDARD = gnu11;
				GCC_NO_COMMON_BLOCKS = YES;
				GCC_WARN_64_TO_32_BIT_CONVERSION = YES;
				GCC_WARN_ABOUT_RETURN_TYPE = YES_ERROR;
				GCC_WARN_UNDECLARED_SELECTOR = YES;
				GCC_WARN_UNINITIALIZED_AUTOS = YES_AGGRESSIVE;
				GCC_WARN_UNUSED_FUNCTION = YES;
				GCC_WARN_UNUSED_VARIABLE = YES;
				IPHONEOS_DEPLOYMENT_TARGET = 15.4;
				MTL_ENABLE_DEBUG_INFO = NO;
				MTL_FAST_MATH = YES;
				SDKROOT = iphoneos;
				SWIFT_COMPILATION_MODE = wholemodule;
				SWIFT_OPTIMIZATION_LEVEL = "-O";
				VALIDATE_PRODUCT = YES;
			};
			name = Release;
		};
		9A84770A2833EC17006F29C1 /* Debug */ = {
			isa = XCBuildConfiguration;
			buildSettings = {
				ASSETCATALOG_COMPILER_APPICON_NAME = AppIcon;
				ASSETCATALOG_COMPILER_GLOBAL_ACCENT_COLOR_NAME = AccentColor;
				CODE_SIGN_STYLE = Automatic;
				CURRENT_PROJECT_VERSION = 1;
				DEVELOPMENT_TEAM = 9A2Y9UTZLK;
				GENERATE_INFOPLIST_FILE = YES;
				INFOPLIST_FILE = NiestierovNatifeTest/Info.plist;
				INFOPLIST_KEY_UIApplicationSupportsIndirectInputEvents = YES;
				INFOPLIST_KEY_UILaunchStoryboardName = LaunchScreen;
				INFOPLIST_KEY_UIMainStoryboardFile = Main;
				INFOPLIST_KEY_UISupportedInterfaceOrientations = UIInterfaceOrientationPortrait;
				INFOPLIST_KEY_UISupportedInterfaceOrientations_iPad = "UIInterfaceOrientationPortrait UIInterfaceOrientationPortraitUpsideDown UIInterfaceOrientationLandscapeLeft UIInterfaceOrientationLandscapeRight";
				INFOPLIST_KEY_UISupportedInterfaceOrientations_iPhone = "UIInterfaceOrientationPortrait UIInterfaceOrientationLandscapeLeft UIInterfaceOrientationLandscapeRight";
				LD_RUNPATH_SEARCH_PATHS = (
					"$(inherited)",
					"@executable_path/Frameworks",
				);
				MARKETING_VERSION = 1.0;
				PRODUCT_BUNDLE_IDENTIFIER = com.niestierov..NiestierovNatifeTest;
				PRODUCT_NAME = "$(TARGET_NAME)";
				SWIFT_EMIT_LOC_STRINGS = YES;
				SWIFT_VERSION = 5.0;
				TARGETED_DEVICE_FAMILY = "1,2";
			};
			name = Debug;
		};
		9A84770B2833EC17006F29C1 /* Release */ = {
			isa = XCBuildConfiguration;
			buildSettings = {
				ASSETCATALOG_COMPILER_APPICON_NAME = AppIcon;
				ASSETCATALOG_COMPILER_GLOBAL_ACCENT_COLOR_NAME = AccentColor;
				CODE_SIGN_STYLE = Automatic;
				CURRENT_PROJECT_VERSION = 1;
				DEVELOPMENT_TEAM = 9A2Y9UTZLK;
				GENERATE_INFOPLIST_FILE = YES;
				INFOPLIST_FILE = NiestierovNatifeTest/Info.plist;
				INFOPLIST_KEY_UIApplicationSupportsIndirectInputEvents = YES;
				INFOPLIST_KEY_UILaunchStoryboardName = LaunchScreen;
				INFOPLIST_KEY_UIMainStoryboardFile = Main;
				INFOPLIST_KEY_UISupportedInterfaceOrientations = UIInterfaceOrientationPortrait;
				INFOPLIST_KEY_UISupportedInterfaceOrientations_iPad = "UIInterfaceOrientationPortrait UIInterfaceOrientationPortraitUpsideDown UIInterfaceOrientationLandscapeLeft UIInterfaceOrientationLandscapeRight";
				INFOPLIST_KEY_UISupportedInterfaceOrientations_iPhone = "UIInterfaceOrientationPortrait UIInterfaceOrientationLandscapeLeft UIInterfaceOrientationLandscapeRight";
				LD_RUNPATH_SEARCH_PATHS = (
					"$(inherited)",
					"@executable_path/Frameworks",
				);
				MARKETING_VERSION = 1.0;
				PRODUCT_BUNDLE_IDENTIFIER = com.niestierov..NiestierovNatifeTest;
				PRODUCT_NAME = "$(TARGET_NAME)";
				SWIFT_EMIT_LOC_STRINGS = YES;
				SWIFT_VERSION = 5.0;
				TARGETED_DEVICE_FAMILY = "1,2";
			};
			name = Release;
		};
/* End XCBuildConfiguration section */

/* Begin XCConfigurationList section */
		9A8476F02833EC14006F29C1 /* Build configuration list for PBXProject "NiestierovNatifeTest" */ = {
			isa = XCConfigurationList;
			buildConfigurations = (
				9A8477072833EC17006F29C1 /* Debug */,
				9A8477082833EC17006F29C1 /* Release */,
			);
			defaultConfigurationIsVisible = 0;
			defaultConfigurationName = Release;
		};
		9A8477092833EC17006F29C1 /* Build configuration list for PBXNativeTarget "NiestierovNatifeTest" */ = {
			isa = XCConfigurationList;
			buildConfigurations = (
				9A84770A2833EC17006F29C1 /* Debug */,
				9A84770B2833EC17006F29C1 /* Release */,
			);
			defaultConfigurationIsVisible = 0;
			defaultConfigurationName = Release;
		};
/* End XCConfigurationList section */
	};
	rootObject = 9A8476ED2833EC14006F29C1 /* Project object */;
}
